// !$*UTF8*$!
{
	archiveVersion = 1;
	classes = {
	};
	objectVersion = 50;
	objects = {

/* Begin PBXBuildFile section */
		2146102A254F0D3B00E6453C /* R34.csv in Resources */ = {isa = PBXBuildFile; fileRef = 21461029254F0D3B00E6453C /* R34.csv */; };
		2146102D254F0D5B00E6453C /* CSVParser.swift in Sources */ = {isa = PBXBuildFile; fileRef = 2146102C254F0D5B00E6453C /* CSVParser.swift */; };
		21461030254F0D8500E6453C /* DataStructures.swift in Sources */ = {isa = PBXBuildFile; fileRef = 2146102F254F0D8500E6453C /* DataStructures.swift */; };
		21AFA2CC254D3DC600661DE0 /* AppDelegate.swift in Sources */ = {isa = PBXBuildFile; fileRef = 21AFA2CB254D3DC600661DE0 /* AppDelegate.swift */; };
		21AFA2CE254D3DC600661DE0 /* SceneDelegate.swift in Sources */ = {isa = PBXBuildFile; fileRef = 21AFA2CD254D3DC600661DE0 /* SceneDelegate.swift */; };
		21AFA2D0254D3DC600661DE0 /* ViewController.swift in Sources */ = {isa = PBXBuildFile; fileRef = 21AFA2CF254D3DC600661DE0 /* ViewController.swift */; };
		21AFA2D3254D3DC600661DE0 /* Main.storyboard in Resources */ = {isa = PBXBuildFile; fileRef = 21AFA2D1254D3DC600661DE0 /* Main.storyboard */; };
		21AFA2D5254D3DC700661DE0 /* Assets.xcassets in Resources */ = {isa = PBXBuildFile; fileRef = 21AFA2D4254D3DC700661DE0 /* Assets.xcassets */; };
		21AFA2D8254D3DC700661DE0 /* LaunchScreen.storyboard in Resources */ = {isa = PBXBuildFile; fileRef = 21AFA2D6254D3DC700661DE0 /* LaunchScreen.storyboard */; };
		21AFA2E3254D457B00661DE0 /* NissanOpti.otf in Resources */ = {isa = PBXBuildFile; fileRef = 21AFA2E1254D3EA700661DE0 /* NissanOpti.otf */; };
		21AFA2E6254D4D8700661DE0 /* AboutViewController.swift in Sources */ = {isa = PBXBuildFile; fileRef = 21AFA2E5254D4D8700661DE0 /* AboutViewController.swift */; };
		21AFA2EA254D7A4700661DE0 /* ModelInfoController.swift in Sources */ = {isa = PBXBuildFile; fileRef = 21AFA2E9254D7A4700661DE0 /* ModelInfoController.swift */; };
		21DE917D25543C7600B9B4F2 /* DBManager.swift in Sources */ = {isa = PBXBuildFile; fileRef = 21DE917C25543C7600B9B4F2 /* DBManager.swift */; };
		21DE9186255451B300B9B4F2 /* GTRRegistry.sqlite in Resources */ = {isa = PBXBuildFile; fileRef = 21DE9185255451B300B9B4F2 /* GTRRegistry.sqlite */; };
/* End PBXBuildFile section */

/* Begin PBXFileReference section */
		21461029254F0D3B00E6453C /* R34.csv */ = {isa = PBXFileReference; fileEncoding = 4; lastKnownFileType = text; path = R34.csv; sourceTree = "<group>"; };
		2146102C254F0D5B00E6453C /* CSVParser.swift */ = {isa = PBXFileReference; lastKnownFileType = sourcecode.swift; path = CSVParser.swift; sourceTree = "<group>"; };
		2146102F254F0D8500E6453C /* DataStructures.swift */ = {isa = PBXFileReference; lastKnownFileType = sourcecode.swift; path = DataStructures.swift; sourceTree = "<group>"; };
		21AFA2C8254D3DC600661DE0 /* GT-R Database.app */ = {isa = PBXFileReference; explicitFileType = wrapper.application; includeInIndex = 0; path = "GT-R Database.app"; sourceTree = BUILT_PRODUCTS_DIR; };
		21AFA2CB254D3DC600661DE0 /* AppDelegate.swift */ = {isa = PBXFileReference; lastKnownFileType = sourcecode.swift; path = AppDelegate.swift; sourceTree = "<group>"; };
		21AFA2CD254D3DC600661DE0 /* SceneDelegate.swift */ = {isa = PBXFileReference; lastKnownFileType = sourcecode.swift; path = SceneDelegate.swift; sourceTree = "<group>"; };
		21AFA2CF254D3DC600661DE0 /* ViewController.swift */ = {isa = PBXFileReference; lastKnownFileType = sourcecode.swift; path = ViewController.swift; sourceTree = "<group>"; };
		21AFA2D2254D3DC600661DE0 /* Base */ = {isa = PBXFileReference; lastKnownFileType = file.storyboard; name = Base; path = Base.lproj/Main.storyboard; sourceTree = "<group>"; };
		21AFA2D4254D3DC700661DE0 /* Assets.xcassets */ = {isa = PBXFileReference; lastKnownFileType = folder.assetcatalog; path = Assets.xcassets; sourceTree = "<group>"; };
		21AFA2D7254D3DC700661DE0 /* Base */ = {isa = PBXFileReference; lastKnownFileType = file.storyboard; name = Base; path = Base.lproj/LaunchScreen.storyboard; sourceTree = "<group>"; };
		21AFA2D9254D3DC700661DE0 /* Info.plist */ = {isa = PBXFileReference; lastKnownFileType = text.plist.xml; path = Info.plist; sourceTree = "<group>"; };
		21AFA2E1254D3EA700661DE0 /* NissanOpti.otf */ = {isa = PBXFileReference; lastKnownFileType = file; path = NissanOpti.otf; sourceTree = "<group>"; };
		21AFA2E5254D4D8700661DE0 /* AboutViewController.swift */ = {isa = PBXFileReference; lastKnownFileType = sourcecode.swift; path = AboutViewController.swift; sourceTree = "<group>"; };
		21AFA2E9254D7A4700661DE0 /* ModelInfoController.swift */ = {isa = PBXFileReference; lastKnownFileType = sourcecode.swift; path = ModelInfoController.swift; sourceTree = "<group>"; };
		21DE917C25543C7600B9B4F2 /* DBManager.swift */ = {isa = PBXFileReference; lastKnownFileType = sourcecode.swift; path = DBManager.swift; sourceTree = "<group>"; };
		21DE9185255451B300B9B4F2 /* GTRRegistry.sqlite */ = {isa = PBXFileReference; lastKnownFileType = file; path = GTRRegistry.sqlite; sourceTree = "<group>"; };
/* End PBXFileReference section */

/* Begin PBXFrameworksBuildPhase section */
		21AFA2C5254D3DC600661DE0 /* Frameworks */ = {
			isa = PBXFrameworksBuildPhase;
			buildActionMask = 2147483647;
			files = (
			);
			runOnlyForDeploymentPostprocessing = 0;
		};
/* End PBXFrameworksBuildPhase section */

/* Begin PBXGroup section */
		21461028254F0C4200E6453C /* Data */ = {
			isa = PBXGroup;
			children = (
				21DE9185255451B300B9B4F2 /* GTRRegistry.sqlite */,
				21461029254F0D3B00E6453C /* R34.csv */,
			);
			path = Data;
			sourceTree = "<group>";
		};
		21AFA2BF254D3DC600661DE0 = {
			isa = PBXGroup;
			children = (
				21AFA2CA254D3DC600661DE0 /* GT-R Database */,
				21AFA2C9254D3DC600661DE0 /* Products */,
			);
			sourceTree = "<group>";
		};
		21AFA2C9254D3DC600661DE0 /* Products */ = {
			isa = PBXGroup;
			children = (
				21AFA2C8254D3DC600661DE0 /* GT-R Database.app */,
			);
			name = Products;
			sourceTree = "<group>";
		};
		21AFA2CA254D3DC600661DE0 /* GT-R Database */ = {
			isa = PBXGroup;
			children = (
				21AFA2CB254D3DC600661DE0 /* AppDelegate.swift */,
				21AFA2CD254D3DC600661DE0 /* SceneDelegate.swift */,
				21AFA2CF254D3DC600661DE0 /* ViewController.swift */,
				2146102C254F0D5B00E6453C /* CSVParser.swift */,
				21DE917C25543C7600B9B4F2 /* DBManager.swift */,
				2146102F254F0D8500E6453C /* DataStructures.swift */,
				21AFA2E5254D4D8700661DE0 /* AboutViewController.swift */,
				21AFA2E9254D7A4700661DE0 /* ModelInfoController.swift */,
				21461028254F0C4200E6453C /* Data */,
				21AFA2D1254D3DC600661DE0 /* Main.storyboard */,
				21AFA2D4254D3DC700661DE0 /* Assets.xcassets */,
				21AFA2E0254D3E9600661DE0 /* Fonts */,
				21AFA2D6254D3DC700661DE0 /* LaunchScreen.storyboard */,
				21AFA2D9254D3DC700661DE0 /* Info.plist */,
			);
			path = "GT-R Database";
			sourceTree = "<group>";
		};
		21AFA2E0254D3E9600661DE0 /* Fonts */ = {
			isa = PBXGroup;
			children = (
				21AFA2E1254D3EA700661DE0 /* NissanOpti.otf */,
			);
			path = Fonts;
			sourceTree = "<group>";
		};
/* End PBXGroup section */

/* Begin PBXNativeTarget section */
		21AFA2C7254D3DC600661DE0 /* GT-R Database */ = {
			isa = PBXNativeTarget;
			buildConfigurationList = 21AFA2DC254D3DC700661DE0 /* Build configuration list for PBXNativeTarget "GT-R Database" */;
			buildPhases = (
				21AFA2C4254D3DC600661DE0 /* Sources */,
				21AFA2C5254D3DC600661DE0 /* Frameworks */,
				21AFA2C6254D3DC600661DE0 /* Resources */,
			);
			buildRules = (
			);
			dependencies = (
			);
			name = "GT-R Database";
			productName = "GT-R Database";
			productReference = 21AFA2C8254D3DC600661DE0 /* GT-R Database.app */;
			productType = "com.apple.product-type.application";
		};
/* End PBXNativeTarget section */

/* Begin PBXProject section */
		21AFA2C0254D3DC600661DE0 /* Project object */ = {
			isa = PBXProject;
			attributes = {
				LastSwiftUpdateCheck = 1200;
				LastUpgradeCheck = 1200;
				TargetAttributes = {
					21AFA2C7254D3DC600661DE0 = {
						CreatedOnToolsVersion = 12.0.1;
					};
				};
			};
			buildConfigurationList = 21AFA2C3254D3DC600661DE0 /* Build configuration list for PBXProject "GT-R Database" */;
			compatibilityVersion = "Xcode 9.3";
			developmentRegion = en;
			hasScannedForEncodings = 0;
			knownRegions = (
				en,
				Base,
			);
			mainGroup = 21AFA2BF254D3DC600661DE0;
			productRefGroup = 21AFA2C9254D3DC600661DE0 /* Products */;
			projectDirPath = "";
			projectRoot = "";
			targets = (
				21AFA2C7254D3DC600661DE0 /* GT-R Database */,
			);
		};
/* End PBXProject section */

/* Begin PBXResourcesBuildPhase section */
		21AFA2C6254D3DC600661DE0 /* Resources */ = {
			isa = PBXResourcesBuildPhase;
			buildActionMask = 2147483647;
			files = (
				21DE9186255451B300B9B4F2 /* GTRRegistry.sqlite in Resources */,
				2146102A254F0D3B00E6453C /* R34.csv in Resources */,
				21AFA2D8254D3DC700661DE0 /* LaunchScreen.storyboard in Resources */,
				21AFA2E3254D457B00661DE0 /* NissanOpti.otf in Resources */,
				21AFA2D5254D3DC700661DE0 /* Assets.xcassets in Resources */,
				21AFA2D3254D3DC600661DE0 /* Main.storyboard in Resources */,
			);
			runOnlyForDeploymentPostprocessing = 0;
		};
/* End PBXResourcesBuildPhase section */

/* Begin PBXSourcesBuildPhase section */
		21AFA2C4254D3DC600661DE0 /* Sources */ = {
			isa = PBXSourcesBuildPhase;
			buildActionMask = 2147483647;
			files = (
				21461030254F0D8500E6453C /* DataStructures.swift in Sources */,
				21AFA2D0254D3DC600661DE0 /* ViewController.swift in Sources */,
				21AFA2EA254D7A4700661DE0 /* ModelInfoController.swift in Sources */,
				21DE917D25543C7600B9B4F2 /* DBManager.swift in Sources */,
				21AFA2CC254D3DC600661DE0 /* AppDelegate.swift in Sources */,
				21AFA2E6254D4D8700661DE0 /* AboutViewController.swift in Sources */,
				21AFA2CE254D3DC600661DE0 /* SceneDelegate.swift in Sources */,
				2146102D254F0D5B00E6453C /* CSVParser.swift in Sources */,
			);
			runOnlyForDeploymentPostprocessing = 0;
		};
/* End PBXSourcesBuildPhase section */

/* Begin PBXVariantGroup section */
		21AFA2D1254D3DC600661DE0 /* Main.storyboard */ = {
			isa = PBXVariantGroup;
			children = (
				21AFA2D2254D3DC600661DE0 /* Base */,
			);
			name = Main.storyboard;
			sourceTree = "<group>";
		};
		21AFA2D6254D3DC700661DE0 /* LaunchScreen.storyboard */ = {
			isa = PBXVariantGroup;
			children = (
				21AFA2D7254D3DC700661DE0 /* Base */,
			);
			name = LaunchScreen.storyboard;
			sourceTree = "<group>";
		};
/* End PBXVariantGroup section */

/* Begin XCBuildConfiguration section */
		21AFA2DA254D3DC700661DE0 /* Debug */ = {
			isa = XCBuildConfiguration;
			buildSettings = {
				ALWAYS_SEARCH_USER_PATHS = NO;
				CLANG_ANALYZER_NONNULL = YES;
				CLANG_ANALYZER_NUMBER_OBJECT_CONVERSION = YES_AGGRESSIVE;
				CLANG_CXX_LANGUAGE_STANDARD = "gnu++14";
				CLANG_CXX_LIBRARY = "libc++";
				CLANG_ENABLE_MODULES = YES;
				CLANG_ENABLE_OBJC_ARC = YES;
				CLANG_ENABLE_OBJC_WEAK = YES;
				CLANG_WARN_BLOCK_CAPTURE_AUTORELEASING = YES;
				CLANG_WARN_BOOL_CONVERSION = YES;
				CLANG_WARN_COMMA = YES;
				CLANG_WARN_CONSTANT_CONVERSION = YES;
				CLANG_WARN_DEPRECATED_OBJC_IMPLEMENTATIONS = YES;
				CLANG_WARN_DIRECT_OBJC_ISA_USAGE = YES_ERROR;
				CLANG_WARN_DOCUMENTATION_COMMENTS = YES;
				CLANG_WARN_EMPTY_BODY = YES;
				CLANG_WARN_ENUM_CONVERSION = YES;
				CLANG_WARN_INFINITE_RECURSION = YES;
				CLANG_WARN_INT_CONVERSION = YES;
				CLANG_WARN_NON_LITERAL_NULL_CONVERSION = YES;
				CLANG_WARN_OBJC_IMPLICIT_RETAIN_SELF = YES;
				CLANG_WARN_OBJC_LITERAL_CONVERSION = YES;
				CLANG_WARN_OBJC_ROOT_CLASS = YES_ERROR;
				CLANG_WARN_QUOTED_INCLUDE_IN_FRAMEWORK_HEADER = YES;
				CLANG_WARN_RANGE_LOOP_ANALYSIS = YES;
				CLANG_WARN_STRICT_PROTOTYPES = YES;
				CLANG_WARN_SUSPICIOUS_MOVE = YES;
				CLANG_WARN_UNGUARDED_AVAILABILITY = YES_AGGRESSIVE;
				CLANG_WARN_UNREACHABLE_CODE = YES;
				CLANG_WARN__DUPLICATE_METHOD_MATCH = YES;
				COPY_PHASE_STRIP = NO;
				DEBUG_INFORMATION_FORMAT = dwarf;
				ENABLE_STRICT_OBJC_MSGSEND = YES;
				ENABLE_TESTABILITY = YES;
				GCC_C_LANGUAGE_STANDARD = gnu11;
				GCC_DYNAMIC_NO_PIC = NO;
				GCC_NO_COMMON_BLOCKS = YES;
				GCC_OPTIMIZATION_LEVEL = 0;
				GCC_PREPROCESSOR_DEFINITIONS = (
					"DEBUG=1",
					"$(inherited)",
				);
				GCC_WARN_64_TO_32_BIT_CONVERSION = YES;
				GCC_WARN_ABOUT_RETURN_TYPE = YES_ERROR;
				GCC_WARN_UNDECLARED_SELECTOR = YES;
				GCC_WARN_UNINITIALIZED_AUTOS = YES_AGGRESSIVE;
				GCC_WARN_UNUSED_FUNCTION = YES;
				GCC_WARN_UNUSED_VARIABLE = YES;
				IPHONEOS_DEPLOYMENT_TARGET = 14.0;
				MTL_ENABLE_DEBUG_INFO = INCLUDE_SOURCE;
				MTL_FAST_MATH = YES;
				ONLY_ACTIVE_ARCH = YES;
				SDKROOT = iphoneos;
				SWIFT_ACTIVE_COMPILATION_CONDITIONS = DEBUG;
				SWIFT_OPTIMIZATION_LEVEL = "-Onone";
			};
			name = Debug;
		};
		21AFA2DB254D3DC700661DE0 /* Release */ = {
			isa = XCBuildConfiguration;
			buildSettings = {
				ALWAYS_SEARCH_USER_PATHS = NO;
				CLANG_ANALYZER_NONNULL = YES;
				CLANG_ANALYZER_NUMBER_OBJECT_CONVERSION = YES_AGGRESSIVE;
				CLANG_CXX_LANGUAGE_STANDARD = "gnu++14";
				CLANG_CXX_LIBRARY = "libc++";
				CLANG_ENABLE_MODULES = YES;
				CLANG_ENABLE_OBJC_ARC = YES;
				CLANG_ENABLE_OBJC_WEAK = YES;
				CLANG_WARN_BLOCK_CAPTURE_AUTORELEASING = YES;
				CLANG_WARN_BOOL_CONVERSION = YES;
				CLANG_WARN_COMMA = YES;
				CLANG_WARN_CONSTANT_CONVERSION = YES;
				CLANG_WARN_DEPRECATED_OBJC_IMPLEMENTATIONS = YES;
				CLANG_WARN_DIRECT_OBJC_ISA_USAGE = YES_ERROR;
				CLANG_WARN_DOCUMENTATION_COMMENTS = YES;
				CLANG_WARN_EMPTY_BODY = YES;
				CLANG_WARN_ENUM_CONVERSION = YES;
				CLANG_WARN_INFINITE_RECURSION = YES;
				CLANG_WARN_INT_CONVERSION = YES;
				CLANG_WARN_NON_LITERAL_NULL_CONVERSION = YES;
				CLANG_WARN_OBJC_IMPLICIT_RETAIN_SELF = YES;
				CLANG_WARN_OBJC_LITERAL_CONVERSION = YES;
				CLANG_WARN_OBJC_ROOT_CLASS = YES_ERROR;
				CLANG_WARN_QUOTED_INCLUDE_IN_FRAMEWORK_HEADER = YES;
				CLANG_WARN_RANGE_LOOP_ANALYSIS = YES;
				CLANG_WARN_STRICT_PROTOTYPES = YES;
				CLANG_WARN_SUSPICIOUS_MOVE = YES;
				CLANG_WARN_UNGUARDED_AVAILABILITY = YES_AGGRESSIVE;
				CLANG_WARN_UNREACHABLE_CODE = YES;
				CLANG_WARN__DUPLICATE_METHOD_MATCH = YES;
				COPY_PHASE_STRIP = NO;
				DEBUG_INFORMATION_FORMAT = "dwarf-with-dsym";
				ENABLE_NS_ASSERTIONS = NO;
				ENABLE_STRICT_OBJC_MSGSEND = YES;
				GCC_C_LANGUAGE_STANDARD = gnu11;
				GCC_NO_COMMON_BLOCKS = YES;
				GCC_WARN_64_TO_32_BIT_CONVERSION = YES;
				GCC_WARN_ABOUT_RETURN_TYPE = YES_ERROR;
				GCC_WARN_UNDECLARED_SELECTOR = YES;
				GCC_WARN_UNINITIALIZED_AUTOS = YES_AGGRESSIVE;
				GCC_WARN_UNUSED_FUNCTION = YES;
				GCC_WARN_UNUSED_VARIABLE = YES;
				IPHONEOS_DEPLOYMENT_TARGET = 14.0;
				MTL_ENABLE_DEBUG_INFO = NO;
				MTL_FAST_MATH = YES;
				SDKROOT = iphoneos;
				SWIFT_COMPILATION_MODE = wholemodule;
				SWIFT_OPTIMIZATION_LEVEL = "-O";
				VALIDATE_PRODUCT = YES;
			};
			name = Release;
		};
		21AFA2DD254D3DC700661DE0 /* Debug */ = {
			isa = XCBuildConfiguration;
			buildSettings = {
				ASSETCATALOG_COMPILER_APPICON_NAME = AppIcon;
				ASSETCATALOG_COMPILER_GLOBAL_ACCENT_COLOR_NAME = AccentColor;
				CODE_SIGN_STYLE = Automatic;
				DEVELOPMENT_TEAM = 2KTM9WLRL3;
				INFOPLIST_FILE = "GT-R Database/Info.plist";
				LD_RUNPATH_SEARCH_PATHS = (
					"$(inherited)",
					"@executable_path/Frameworks",
				);
				PRODUCT_BUNDLE_IDENTIFIER = "com.KimRypstra2.GT-R-Database";
				PRODUCT_NAME = "$(TARGET_NAME)";
				SWIFT_VERSION = 5.0;
				TARGETED_DEVICE_FAMILY = "1,2";
			};
			name = Debug;
		};
		21AFA2DE254D3DC700661DE0 /* Release */ = {
			isa = XCBuildConfiguration;
			buildSettings = {
				ASSETCATALOG_COMPILER_APPICON_NAME = AppIcon;
				ASSETCATALOG_COMPILER_GLOBAL_ACCENT_COLOR_NAME = AccentColor;
				CODE_SIGN_STYLE = Automatic;
				DEVELOPMENT_TEAM = 2KTM9WLRL3;
				INFOPLIST_FILE = "GT-R Database/Info.plist";
				LD_RUNPATH_SEARCH_PATHS = (
					"$(inherited)",
					"@executable_path/Frameworks",
				);
				PRODUCT_BUNDLE_IDENTIFIER = "com.KimRypstra2.GT-R-Database";
				PRODUCT_NAME = "$(TARGET_NAME)";
				SWIFT_VERSION = 5.0;
				TARGETED_DEVICE_FAMILY = "1,2";
			};
			name = Release;
		};
/* End XCBuildConfiguration section */

/* Begin XCConfigurationList section */
		21AFA2C3254D3DC600661DE0 /* Build configuration list for PBXProject "GT-R Database" */ = {
			isa = XCConfigurationList;
			buildConfigurations = (
				21AFA2DA254D3DC700661DE0 /* Debug */,
				21AFA2DB254D3DC700661DE0 /* Release */,
			);
			defaultConfigurationIsVisible = 0;
			defaultConfigurationName = Release;
		};
		21AFA2DC254D3DC700661DE0 /* Build configuration list for PBXNativeTarget "GT-R Database" */ = {
			isa = XCConfigurationList;
			buildConfigurations = (
				21AFA2DD254D3DC700661DE0 /* Debug */,
				21AFA2DE254D3DC700661DE0 /* Release */,
			);
			defaultConfigurationIsVisible = 0;
			defaultConfigurationName = Release;
		};
/* End XCConfigurationList section */
	};
	rootObject = 21AFA2C0254D3DC600661DE0 /* Project object */;
}
