// !$*UTF8*$!
{
	archiveVersion = 1;
	classes = {
	};
	objectVersion = 50;
	objects = {

/* Begin PBXBuildFile section */
		214473FC25583F71004DDEE0 /* ModelNumberCell.swift in Sources */ = {isa = PBXBuildFile; fileRef = 214473FB25583F71004DDEE0 /* ModelNumberCell.swift */; };
		214473FF255844DB004DDEE0 /* ModelCodeMap.swift in Sources */ = {isa = PBXBuildFile; fileRef = 214473FE255844DB004DDEE0 /* ModelCodeMap.swift */; };
		2144740325594AFA004DDEE0 /* GTRRegistry.sqlite in Resources */ = {isa = PBXBuildFile; fileRef = 2144740225594AFA004DDEE0 /* GTRRegistry.sqlite */; };
		2144741D25594BE9004DDEE0 /* 1-lx0.jpg in Resources */ = {isa = PBXBuildFile; fileRef = 2144740925594BE6004DDEE0 /* 1-lx0.jpg */; };
		2144741E25594BE9004DDEE0 /* 1-ev1.jpg in Resources */ = {isa = PBXBuildFile; fileRef = 2144740A25594BE6004DDEE0 /* 1-ev1.jpg */; };
		2144741F25594BE9004DDEE0 /* 2-qx1.jpg in Resources */ = {isa = PBXBuildFile; fileRef = 2144740B25594BE6004DDEE0 /* 2-qx1.jpg */; };
		2144742025594BE9004DDEE0 /* 2-qm1.jpg in Resources */ = {isa = PBXBuildFile; fileRef = 2144740C25594BE7004DDEE0 /* 2-qm1.jpg */; };
		2144742125594BE9004DDEE0 /* 2-gv1.jpg in Resources */ = {isa = PBXBuildFile; fileRef = 2144740D25594BE7004DDEE0 /* 2-gv1.jpg */; };
		2144742225594BE9004DDEE0 /* 1-lv4.jpg in Resources */ = {isa = PBXBuildFile; fileRef = 2144740E25594BE7004DDEE0 /* 1-lv4.jpg */; };
		2144742325594BE9004DDEE0 /* 1-qm1.jpg in Resources */ = {isa = PBXBuildFile; fileRef = 2144740F25594BE7004DDEE0 /* 1-qm1.jpg */; };
		2144742425594BE9004DDEE0 /* 1-ar2.jpg in Resources */ = {isa = PBXBuildFile; fileRef = 2144741025594BE7004DDEE0 /* 1-ar2.jpg */; };
		2144742525594BE9004DDEE0 /* 2-qt1.jpg in Resources */ = {isa = PBXBuildFile; fileRef = 2144741125594BE7004DDEE0 /* 2-qt1.jpg */; };
		2144742625594BE9004DDEE0 /* wv2-2.jpg in Resources */ = {isa = PBXBuildFile; fileRef = 2144741225594BE7004DDEE0 /* wv2-2.jpg */; };
		2144742725594BE9004DDEE0 /* 1-gv1.jpg in Resources */ = {isa = PBXBuildFile; fileRef = 2144741325594BE7004DDEE0 /* 1-gv1.jpg */; };
		2144742825594BE9004DDEE0 /* 2-kv2.jpg in Resources */ = {isa = PBXBuildFile; fileRef = 2144741425594BE8004DDEE0 /* 2-kv2.jpg */; };
		2144742925594BE9004DDEE0 /* 2-tv2.jpg in Resources */ = {isa = PBXBuildFile; fileRef = 2144741525594BE8004DDEE0 /* 2-tv2.jpg */; };
		2144742A25594BE9004DDEE0 /* 1-kv2.jpg in Resources */ = {isa = PBXBuildFile; fileRef = 2144741625594BE8004DDEE0 /* 1-kv2.jpg */; };
		2144742B25594BE9004DDEE0 /* 2-jw0.jpg in Resources */ = {isa = PBXBuildFile; fileRef = 2144741725594BE8004DDEE0 /* 2-jw0.jpg */; };
		2144742C25594BE9004DDEE0 /* 1-tv2.jpg in Resources */ = {isa = PBXBuildFile; fileRef = 2144741825594BE8004DDEE0 /* 1-tv2.jpg */; };
		2144742D25594BE9004DDEE0 /* 2-qm1-n1.jpg in Resources */ = {isa = PBXBuildFile; fileRef = 2144741925594BE8004DDEE0 /* 2-qm1-n1.jpg */; };
		2144742E25594BE9004DDEE0 /* 1-qm1-n1.jpg in Resources */ = {isa = PBXBuildFile; fileRef = 2144741A25594BE8004DDEE0 /* 1-qm1-n1.jpg */; };
		2144742F25594BE9004DDEE0 /* 1-kr4.jpg in Resources */ = {isa = PBXBuildFile; fileRef = 2144741B25594BE8004DDEE0 /* 1-kr4.jpg */; };
		2144743025594BE9004DDEE0 /* 2-ey0.jpg in Resources */ = {isa = PBXBuildFile; fileRef = 2144741C25594BE9004DDEE0 /* 2-ey0.jpg */; };
		2146102A254F0D3B00E6453C /* R34.csv in Resources */ = {isa = PBXBuildFile; fileRef = 21461029254F0D3B00E6453C /* R34.csv */; };
		2146102D254F0D5B00E6453C /* CSVParser.swift in Sources */ = {isa = PBXBuildFile; fileRef = 2146102C254F0D5B00E6453C /* CSVParser.swift */; };
		21461030254F0D8500E6453C /* DataStructures.swift in Sources */ = {isa = PBXBuildFile; fileRef = 2146102F254F0D8500E6453C /* DataStructures.swift */; };
		217F36EE255692A900113937 /* VINSearchController.swift in Sources */ = {isa = PBXBuildFile; fileRef = 217F36ED255692A900113937 /* VINSearchController.swift */; };
		217F36F12556A58A00113937 /* UIView + Anchor.swift in Sources */ = {isa = PBXBuildFile; fileRef = 217F36F02556A58900113937 /* UIView + Anchor.swift */; };
		217F36F42556A5AB00113937 /* SmallCell.swift in Sources */ = {isa = PBXBuildFile; fileRef = 217F36F32556A5AB00113937 /* SmallCell.swift */; };
		217F36F82556A6FF00113937 /* String + CamelToHuman.swift in Sources */ = {isa = PBXBuildFile; fileRef = 217F36F72556A6FF00113937 /* String + CamelToHuman.swift */; };
		21AFA2CC254D3DC600661DE0 /* AppDelegate.swift in Sources */ = {isa = PBXBuildFile; fileRef = 21AFA2CB254D3DC600661DE0 /* AppDelegate.swift */; };
		21AFA2CE254D3DC600661DE0 /* SceneDelegate.swift in Sources */ = {isa = PBXBuildFile; fileRef = 21AFA2CD254D3DC600661DE0 /* SceneDelegate.swift */; };
		21AFA2D0254D3DC600661DE0 /* ViewController.swift in Sources */ = {isa = PBXBuildFile; fileRef = 21AFA2CF254D3DC600661DE0 /* ViewController.swift */; };
		21AFA2D3254D3DC600661DE0 /* Main.storyboard in Resources */ = {isa = PBXBuildFile; fileRef = 21AFA2D1254D3DC600661DE0 /* Main.storyboard */; };
		21AFA2D5254D3DC700661DE0 /* Assets.xcassets in Resources */ = {isa = PBXBuildFile; fileRef = 21AFA2D4254D3DC700661DE0 /* Assets.xcassets */; };
		21AFA2D8254D3DC700661DE0 /* LaunchScreen.storyboard in Resources */ = {isa = PBXBuildFile; fileRef = 21AFA2D6254D3DC700661DE0 /* LaunchScreen.storyboard */; };
		21AFA2E3254D457B00661DE0 /* NissanOpti.otf in Resources */ = {isa = PBXBuildFile; fileRef = 21AFA2E1254D3EA700661DE0 /* NissanOpti.otf */; };
		21AFA2E6254D4D8700661DE0 /* AboutViewController.swift in Sources */ = {isa = PBXBuildFile; fileRef = 21AFA2E5254D4D8700661DE0 /* AboutViewController.swift */; };
		21AFA2EA254D7A4700661DE0 /* ModelInfoController.swift in Sources */ = {isa = PBXBuildFile; fileRef = 21AFA2E9254D7A4700661DE0 /* ModelInfoController.swift */; };
		21DE917D25543C7600B9B4F2 /* DBManager.swift in Sources */ = {isa = PBXBuildFile; fileRef = 21DE917C25543C7600B9B4F2 /* DBManager.swift */; };
/* End PBXBuildFile section */

/* Begin PBXFileReference section */
		214473FB25583F71004DDEE0 /* ModelNumberCell.swift */ = {isa = PBXFileReference; lastKnownFileType = sourcecode.swift; path = ModelNumberCell.swift; sourceTree = "<group>"; };
		214473FE255844DB004DDEE0 /* ModelCodeMap.swift */ = {isa = PBXFileReference; lastKnownFileType = sourcecode.swift; path = ModelCodeMap.swift; sourceTree = "<group>"; };
		2144740225594AFA004DDEE0 /* GTRRegistry.sqlite */ = {isa = PBXFileReference; lastKnownFileType = file; path = GTRRegistry.sqlite; sourceTree = "<group>"; };
		2144740925594BE6004DDEE0 /* 1-lx0.jpg */ = {isa = PBXFileReference; lastKnownFileType = image.jpeg; path = "1-lx0.jpg"; sourceTree = "<group>"; };
		2144740A25594BE6004DDEE0 /* 1-ev1.jpg */ = {isa = PBXFileReference; lastKnownFileType = image.jpeg; path = "1-ev1.jpg"; sourceTree = "<group>"; };
		2144740B25594BE6004DDEE0 /* 2-qx1.jpg */ = {isa = PBXFileReference; lastKnownFileType = image.jpeg; path = "2-qx1.jpg"; sourceTree = "<group>"; };
		2144740C25594BE7004DDEE0 /* 2-qm1.jpg */ = {isa = PBXFileReference; lastKnownFileType = image.jpeg; path = "2-qm1.jpg"; sourceTree = "<group>"; };
		2144740D25594BE7004DDEE0 /* 2-gv1.jpg */ = {isa = PBXFileReference; lastKnownFileType = image.jpeg; path = "2-gv1.jpg"; sourceTree = "<group>"; };
		2144740E25594BE7004DDEE0 /* 1-lv4.jpg */ = {isa = PBXFileReference; lastKnownFileType = image.jpeg; path = "1-lv4.jpg"; sourceTree = "<group>"; };
		2144740F25594BE7004DDEE0 /* 1-qm1.jpg */ = {isa = PBXFileReference; lastKnownFileType = image.jpeg; path = "1-qm1.jpg"; sourceTree = "<group>"; };
		2144741025594BE7004DDEE0 /* 1-ar2.jpg */ = {isa = PBXFileReference; lastKnownFileType = image.jpeg; path = "1-ar2.jpg"; sourceTree = "<group>"; };
		2144741125594BE7004DDEE0 /* 2-qt1.jpg */ = {isa = PBXFileReference; lastKnownFileType = image.jpeg; path = "2-qt1.jpg"; sourceTree = "<group>"; };
		2144741225594BE7004DDEE0 /* wv2-2.jpg */ = {isa = PBXFileReference; lastKnownFileType = image.jpeg; path = "wv2-2.jpg"; sourceTree = "<group>"; };
		2144741325594BE7004DDEE0 /* 1-gv1.jpg */ = {isa = PBXFileReference; lastKnownFileType = image.jpeg; path = "1-gv1.jpg"; sourceTree = "<group>"; };
		2144741425594BE8004DDEE0 /* 2-kv2.jpg */ = {isa = PBXFileReference; lastKnownFileType = image.jpeg; path = "2-kv2.jpg"; sourceTree = "<group>"; };
		2144741525594BE8004DDEE0 /* 2-tv2.jpg */ = {isa = PBXFileReference; lastKnownFileType = image.jpeg; path = "2-tv2.jpg"; sourceTree = "<group>"; };
		2144741625594BE8004DDEE0 /* 1-kv2.jpg */ = {isa = PBXFileReference; lastKnownFileType = image.jpeg; path = "1-kv2.jpg"; sourceTree = "<group>"; };
		2144741725594BE8004DDEE0 /* 2-jw0.jpg */ = {isa = PBXFileReference; lastKnownFileType = image.jpeg; path = "2-jw0.jpg"; sourceTree = "<group>"; };
		2144741825594BE8004DDEE0 /* 1-tv2.jpg */ = {isa = PBXFileReference; lastKnownFileType = image.jpeg; path = "1-tv2.jpg"; sourceTree = "<group>"; };
		2144741925594BE8004DDEE0 /* 2-qm1-n1.jpg */ = {isa = PBXFileReference; lastKnownFileType = image.jpeg; path = "2-qm1-n1.jpg"; sourceTree = "<group>"; };
		2144741A25594BE8004DDEE0 /* 1-qm1-n1.jpg */ = {isa = PBXFileReference; lastKnownFileType = image.jpeg; path = "1-qm1-n1.jpg"; sourceTree = "<group>"; };
		2144741B25594BE8004DDEE0 /* 1-kr4.jpg */ = {isa = PBXFileReference; lastKnownFileType = image.jpeg; path = "1-kr4.jpg"; sourceTree = "<group>"; };
		2144741C25594BE9004DDEE0 /* 2-ey0.jpg */ = {isa = PBXFileReference; lastKnownFileType = image.jpeg; path = "2-ey0.jpg"; sourceTree = "<group>"; };
		21461029254F0D3B00E6453C /* R34.csv */ = {isa = PBXFileReference; fileEncoding = 4; lastKnownFileType = text; path = R34.csv; sourceTree = "<group>"; };
		2146102C254F0D5B00E6453C /* CSVParser.swift */ = {isa = PBXFileReference; lastKnownFileType = sourcecode.swift; path = CSVParser.swift; sourceTree = "<group>"; };
		2146102F254F0D8500E6453C /* DataStructures.swift */ = {isa = PBXFileReference; lastKnownFileType = sourcecode.swift; path = DataStructures.swift; sourceTree = "<group>"; };
		217F36ED255692A900113937 /* VINSearchController.swift */ = {isa = PBXFileReference; lastKnownFileType = sourcecode.swift; path = VINSearchController.swift; sourceTree = "<group>"; };
		217F36F02556A58900113937 /* UIView + Anchor.swift */ = {isa = PBXFileReference; lastKnownFileType = sourcecode.swift; path = "UIView + Anchor.swift"; sourceTree = "<group>"; };
		217F36F32556A5AB00113937 /* SmallCell.swift */ = {isa = PBXFileReference; lastKnownFileType = sourcecode.swift; path = SmallCell.swift; sourceTree = "<group>"; };
		217F36F72556A6FF00113937 /* String + CamelToHuman.swift */ = {isa = PBXFileReference; lastKnownFileType = sourcecode.swift; path = "String + CamelToHuman.swift"; sourceTree = "<group>"; };
		21AFA2C8254D3DC600661DE0 /* GT-R Database.app */ = {isa = PBXFileReference; explicitFileType = wrapper.application; includeInIndex = 0; path = "GT-R Database.app"; sourceTree = BUILT_PRODUCTS_DIR; };
		21AFA2CB254D3DC600661DE0 /* AppDelegate.swift */ = {isa = PBXFileReference; lastKnownFileType = sourcecode.swift; path = AppDelegate.swift; sourceTree = "<group>"; };
		21AFA2CD254D3DC600661DE0 /* SceneDelegate.swift */ = {isa = PBXFileReference; lastKnownFileType = sourcecode.swift; path = SceneDelegate.swift; sourceTree = "<group>"; };
		21AFA2CF254D3DC600661DE0 /* ViewController.swift */ = {isa = PBXFileReference; lastKnownFileType = sourcecode.swift; path = ViewController.swift; sourceTree = "<group>"; };
		21AFA2D2254D3DC600661DE0 /* Base */ = {isa = PBXFileReference; lastKnownFileType = file.storyboard; name = Base; path = Base.lproj/Main.storyboard; sourceTree = "<group>"; };
		21AFA2D4254D3DC700661DE0 /* Assets.xcassets */ = {isa = PBXFileReference; lastKnownFileType = folder.assetcatalog; path = Assets.xcassets; sourceTree = "<group>"; };
		21AFA2D7254D3DC700661DE0 /* Base */ = {isa = PBXFileReference; lastKnownFileType = file.storyboard; name = Base; path = Base.lproj/LaunchScreen.storyboard; sourceTree = "<group>"; };
		21AFA2D9254D3DC700661DE0 /* Info.plist */ = {isa = PBXFileReference; lastKnownFileType = text.plist.xml; path = Info.plist; sourceTree = "<group>"; };
		21AFA2E1254D3EA700661DE0 /* NissanOpti.otf */ = {isa = PBXFileReference; lastKnownFileType = file; path = NissanOpti.otf; sourceTree = "<group>"; };
		21AFA2E5254D4D8700661DE0 /* AboutViewController.swift */ = {isa = PBXFileReference; lastKnownFileType = sourcecode.swift; path = AboutViewController.swift; sourceTree = "<group>"; };
		21AFA2E9254D7A4700661DE0 /* ModelInfoController.swift */ = {isa = PBXFileReference; lastKnownFileType = sourcecode.swift; path = ModelInfoController.swift; sourceTree = "<group>"; };
		21DE917C25543C7600B9B4F2 /* DBManager.swift */ = {isa = PBXFileReference; lastKnownFileType = sourcecode.swift; path = DBManager.swift; sourceTree = "<group>"; };
/* End PBXFileReference section */

/* Begin PBXFrameworksBuildPhase section */
		21AFA2C5254D3DC600661DE0 /* Frameworks */ = {
			isa = PBXFrameworksBuildPhase;
			buildActionMask = 2147483647;
			files = (
			);
			runOnlyForDeploymentPostprocessing = 0;
		};
/* End PBXFrameworksBuildPhase section */

/* Begin PBXGroup section */
		2144740525594BBC004DDEE0 /* Images */ = {
			isa = PBXGroup;
			children = (
				2144740825594BD3004DDEE0 /* R32 */,
				2144740725594BCE004DDEE0 /* R33 */,
				2144740625594BC8004DDEE0 /* R34 */,
			);
			path = Images;
			sourceTree = "<group>";
		};
		2144740625594BC8004DDEE0 /* R34 */ = {
			isa = PBXGroup;
			children = (
				2144741025594BE7004DDEE0 /* 1-ar2.jpg */,
				2144740A25594BE6004DDEE0 /* 1-ev1.jpg */,
				2144741325594BE7004DDEE0 /* 1-gv1.jpg */,
				2144741B25594BE8004DDEE0 /* 1-kr4.jpg */,
				2144741625594BE8004DDEE0 /* 1-kv2.jpg */,
				2144740E25594BE7004DDEE0 /* 1-lv4.jpg */,
				2144740925594BE6004DDEE0 /* 1-lx0.jpg */,
				2144741A25594BE8004DDEE0 /* 1-qm1-n1.jpg */,
				2144740F25594BE7004DDEE0 /* 1-qm1.jpg */,
				2144741825594BE8004DDEE0 /* 1-tv2.jpg */,
				2144741C25594BE9004DDEE0 /* 2-ey0.jpg */,
				2144740D25594BE7004DDEE0 /* 2-gv1.jpg */,
				2144741725594BE8004DDEE0 /* 2-jw0.jpg */,
				2144741425594BE8004DDEE0 /* 2-kv2.jpg */,
				2144741925594BE8004DDEE0 /* 2-qm1-n1.jpg */,
				2144740C25594BE7004DDEE0 /* 2-qm1.jpg */,
				2144741125594BE7004DDEE0 /* 2-qt1.jpg */,
				2144740B25594BE6004DDEE0 /* 2-qx1.jpg */,
				2144741525594BE8004DDEE0 /* 2-tv2.jpg */,
				2144741225594BE7004DDEE0 /* wv2-2.jpg */,
			);
			path = R34;
			sourceTree = "<group>";
		};
		2144740725594BCE004DDEE0 /* R33 */ = {
			isa = PBXGroup;
			children = (
			);
			path = R33;
			sourceTree = "<group>";
		};
		2144740825594BD3004DDEE0 /* R32 */ = {
			isa = PBXGroup;
			children = (
			);
			path = R32;
			sourceTree = "<group>";
		};
		21461028254F0C4200E6453C /* Data */ = {
			isa = PBXGroup;
			children = (
				21461029254F0D3B00E6453C /* R34.csv */,
				2144740225594AFA004DDEE0 /* GTRRegistry.sqlite */,
			);
			path = Data;
			sourceTree = "<group>";
		};
		21AFA2BF254D3DC600661DE0 = {
			isa = PBXGroup;
			children = (
				21AFA2CA254D3DC600661DE0 /* GT-R Database */,
				21AFA2C9254D3DC600661DE0 /* Products */,
			);
			sourceTree = "<group>";
		};
		21AFA2C9254D3DC600661DE0 /* Products */ = {
			isa = PBXGroup;
			children = (
				21AFA2C8254D3DC600661DE0 /* GT-R Database.app */,
			);
			name = Products;
			sourceTree = "<group>";
		};
		21AFA2CA254D3DC600661DE0 /* GT-R Database */ = {
			isa = PBXGroup;
			children = (
				21AFA2CB254D3DC600661DE0 /* AppDelegate.swift */,
				2146102F254F0D8500E6453C /* DataStructures.swift */,
				2146102C254F0D5B00E6453C /* CSVParser.swift */,
				21DE917C25543C7600B9B4F2 /* DBManager.swift */,
				21AFA2CD254D3DC600661DE0 /* SceneDelegate.swift */,
				21AFA2CF254D3DC600661DE0 /* ViewController.swift */,
				21AFA2E5254D4D8700661DE0 /* AboutViewController.swift */,
				21AFA2E9254D7A4700661DE0 /* ModelInfoController.swift */,
				217F36ED255692A900113937 /* VINSearchController.swift */,
				214473FE255844DB004DDEE0 /* ModelCodeMap.swift */,
				217F36F72556A6FF00113937 /* String + CamelToHuman.swift */,
				217F36F32556A5AB00113937 /* SmallCell.swift */,
				214473FB25583F71004DDEE0 /* ModelNumberCell.swift */,
				217F36F02556A58900113937 /* UIView + Anchor.swift */,
				2144740525594BBC004DDEE0 /* Images */,
				21461028254F0C4200E6453C /* Data */,
				21AFA2D1254D3DC600661DE0 /* Main.storyboard */,
				21AFA2D4254D3DC700661DE0 /* Assets.xcassets */,
				21AFA2E0254D3E9600661DE0 /* Fonts */,
				21AFA2D6254D3DC700661DE0 /* LaunchScreen.storyboard */,
				21AFA2D9254D3DC700661DE0 /* Info.plist */,
			);
			path = "GT-R Database";
			sourceTree = "<group>";
		};
		21AFA2E0254D3E9600661DE0 /* Fonts */ = {
			isa = PBXGroup;
			children = (
				21AFA2E1254D3EA700661DE0 /* NissanOpti.otf */,
			);
			path = Fonts;
			sourceTree = "<group>";
		};
/* End PBXGroup section */

/* Begin PBXNativeTarget section */
		21AFA2C7254D3DC600661DE0 /* GT-R Database */ = {
			isa = PBXNativeTarget;
			buildConfigurationList = 21AFA2DC254D3DC700661DE0 /* Build configuration list for PBXNativeTarget "GT-R Database" */;
			buildPhases = (
				21AFA2C4254D3DC600661DE0 /* Sources */,
				21AFA2C5254D3DC600661DE0 /* Frameworks */,
				21AFA2C6254D3DC600661DE0 /* Resources */,
			);
			buildRules = (
			);
			dependencies = (
			);
			name = "GT-R Database";
			productName = "GT-R Database";
			productReference = 21AFA2C8254D3DC600661DE0 /* GT-R Database.app */;
			productType = "com.apple.product-type.application";
		};
/* End PBXNativeTarget section */

/* Begin PBXProject section */
		21AFA2C0254D3DC600661DE0 /* Project object */ = {
			isa = PBXProject;
			attributes = {
				LastSwiftUpdateCheck = 1200;
				LastUpgradeCheck = 1200;
				TargetAttributes = {
					21AFA2C7254D3DC600661DE0 = {
						CreatedOnToolsVersion = 12.0.1;
					};
				};
			};
			buildConfigurationList = 21AFA2C3254D3DC600661DE0 /* Build configuration list for PBXProject "GT-R Database" */;
			compatibilityVersion = "Xcode 9.3";
			developmentRegion = en;
			hasScannedForEncodings = 0;
			knownRegions = (
				en,
				Base,
			);
			mainGroup = 21AFA2BF254D3DC600661DE0;
			productRefGroup = 21AFA2C9254D3DC600661DE0 /* Products */;
			projectDirPath = "";
			projectRoot = "";
			targets = (
				21AFA2C7254D3DC600661DE0 /* GT-R Database */,
			);
		};
/* End PBXProject section */

/* Begin PBXResourcesBuildPhase section */
		21AFA2C6254D3DC600661DE0 /* Resources */ = {
			isa = PBXResourcesBuildPhase;
			buildActionMask = 2147483647;
			files = (
				2144742025594BE9004DDEE0 /* 2-qm1.jpg in Resources */,
				2144742425594BE9004DDEE0 /* 1-ar2.jpg in Resources */,
				2144742925594BE9004DDEE0 /* 2-tv2.jpg in Resources */,
				2146102A254F0D3B00E6453C /* R34.csv in Resources */,
				2144742725594BE9004DDEE0 /* 1-gv1.jpg in Resources */,
				2144742825594BE9004DDEE0 /* 2-kv2.jpg in Resources */,
				2144742325594BE9004DDEE0 /* 1-qm1.jpg in Resources */,
				2144740325594AFA004DDEE0 /* GTRRegistry.sqlite in Resources */,
				2144741E25594BE9004DDEE0 /* 1-ev1.jpg in Resources */,
				2144742625594BE9004DDEE0 /* wv2-2.jpg in Resources */,
				2144742B25594BE9004DDEE0 /* 2-jw0.jpg in Resources */,
				2144742225594BE9004DDEE0 /* 1-lv4.jpg in Resources */,
				2144742E25594BE9004DDEE0 /* 1-qm1-n1.jpg in Resources */,
				2144742D25594BE9004DDEE0 /* 2-qm1-n1.jpg in Resources */,
				2144742C25594BE9004DDEE0 /* 1-tv2.jpg in Resources */,
				2144743025594BE9004DDEE0 /* 2-ey0.jpg in Resources */,
				21AFA2D8254D3DC700661DE0 /* LaunchScreen.storyboard in Resources */,
				2144741F25594BE9004DDEE0 /* 2-qx1.jpg in Resources */,
				2144742125594BE9004DDEE0 /* 2-gv1.jpg in Resources */,
				2144742525594BE9004DDEE0 /* 2-qt1.jpg in Resources */,
				21AFA2E3254D457B00661DE0 /* NissanOpti.otf in Resources */,
				21AFA2D5254D3DC700661DE0 /* Assets.xcassets in Resources */,
				2144742A25594BE9004DDEE0 /* 1-kv2.jpg in Resources */,
				2144741D25594BE9004DDEE0 /* 1-lx0.jpg in Resources */,
				2144742F25594BE9004DDEE0 /* 1-kr4.jpg in Resources */,
				21AFA2D3254D3DC600661DE0 /* Main.storyboard in Resources */,
			);
			runOnlyForDeploymentPostprocessing = 0;
		};
/* End PBXResourcesBuildPhase section */

/* Begin PBXSourcesBuildPhase section */
		21AFA2C4254D3DC600661DE0 /* Sources */ = {
			isa = PBXSourcesBuildPhase;
			buildActionMask = 2147483647;
			files = (
				21461030254F0D8500E6453C /* DataStructures.swift in Sources */,
				214473FF255844DB004DDEE0 /* ModelCodeMap.swift in Sources */,
				21AFA2D0254D3DC600661DE0 /* ViewController.swift in Sources */,
				217F36F82556A6FF00113937 /* String + CamelToHuman.swift in Sources */,
				21AFA2EA254D7A4700661DE0 /* ModelInfoController.swift in Sources */,
				214473FC25583F71004DDEE0 /* ModelNumberCell.swift in Sources */,
				217F36EE255692A900113937 /* VINSearchController.swift in Sources */,
				217F36F42556A5AB00113937 /* SmallCell.swift in Sources */,
				21DE917D25543C7600B9B4F2 /* DBManager.swift in Sources */,
				21AFA2CC254D3DC600661DE0 /* AppDelegate.swift in Sources */,
				21AFA2E6254D4D8700661DE0 /* AboutViewController.swift in Sources */,
				217F36F12556A58A00113937 /* UIView + Anchor.swift in Sources */,
				21AFA2CE254D3DC600661DE0 /* SceneDelegate.swift in Sources */,
				2146102D254F0D5B00E6453C /* CSVParser.swift in Sources */,
			);
			runOnlyForDeploymentPostprocessing = 0;
		};
/* End PBXSourcesBuildPhase section */

/* Begin PBXVariantGroup section */
		21AFA2D1254D3DC600661DE0 /* Main.storyboard */ = {
			isa = PBXVariantGroup;
			children = (
				21AFA2D2254D3DC600661DE0 /* Base */,
			);
			name = Main.storyboard;
			sourceTree = "<group>";
		};
		21AFA2D6254D3DC700661DE0 /* LaunchScreen.storyboard */ = {
			isa = PBXVariantGroup;
			children = (
				21AFA2D7254D3DC700661DE0 /* Base */,
			);
			name = LaunchScreen.storyboard;
			sourceTree = "<group>";
		};
/* End PBXVariantGroup section */

/* Begin XCBuildConfiguration section */
		21AFA2DA254D3DC700661DE0 /* Debug */ = {
			isa = XCBuildConfiguration;
			buildSettings = {
				ALWAYS_SEARCH_USER_PATHS = NO;
				CLANG_ANALYZER_NONNULL = YES;
				CLANG_ANALYZER_NUMBER_OBJECT_CONVERSION = YES_AGGRESSIVE;
				CLANG_CXX_LANGUAGE_STANDARD = "gnu++14";
				CLANG_CXX_LIBRARY = "libc++";
				CLANG_ENABLE_MODULES = YES;
				CLANG_ENABLE_OBJC_ARC = YES;
				CLANG_ENABLE_OBJC_WEAK = YES;
				CLANG_WARN_BLOCK_CAPTURE_AUTORELEASING = YES;
				CLANG_WARN_BOOL_CONVERSION = YES;
				CLANG_WARN_COMMA = YES;
				CLANG_WARN_CONSTANT_CONVERSION = YES;
				CLANG_WARN_DEPRECATED_OBJC_IMPLEMENTATIONS = YES;
				CLANG_WARN_DIRECT_OBJC_ISA_USAGE = YES_ERROR;
				CLANG_WARN_DOCUMENTATION_COMMENTS = YES;
				CLANG_WARN_EMPTY_BODY = YES;
				CLANG_WARN_ENUM_CONVERSION = YES;
				CLANG_WARN_INFINITE_RECURSION = YES;
				CLANG_WARN_INT_CONVERSION = YES;
				CLANG_WARN_NON_LITERAL_NULL_CONVERSION = YES;
				CLANG_WARN_OBJC_IMPLICIT_RETAIN_SELF = YES;
				CLANG_WARN_OBJC_LITERAL_CONVERSION = YES;
				CLANG_WARN_OBJC_ROOT_CLASS = YES_ERROR;
				CLANG_WARN_QUOTED_INCLUDE_IN_FRAMEWORK_HEADER = YES;
				CLANG_WARN_RANGE_LOOP_ANALYSIS = YES;
				CLANG_WARN_STRICT_PROTOTYPES = YES;
				CLANG_WARN_SUSPICIOUS_MOVE = YES;
				CLANG_WARN_UNGUARDED_AVAILABILITY = YES_AGGRESSIVE;
				CLANG_WARN_UNREACHABLE_CODE = YES;
				CLANG_WARN__DUPLICATE_METHOD_MATCH = YES;
				COPY_PHASE_STRIP = NO;
				DEBUG_INFORMATION_FORMAT = dwarf;
				ENABLE_STRICT_OBJC_MSGSEND = YES;
				ENABLE_TESTABILITY = YES;
				GCC_C_LANGUAGE_STANDARD = gnu11;
				GCC_DYNAMIC_NO_PIC = NO;
				GCC_NO_COMMON_BLOCKS = YES;
				GCC_OPTIMIZATION_LEVEL = 0;
				GCC_PREPROCESSOR_DEFINITIONS = (
					"DEBUG=1",
					"$(inherited)",
				);
				GCC_WARN_64_TO_32_BIT_CONVERSION = YES;
				GCC_WARN_ABOUT_RETURN_TYPE = YES_ERROR;
				GCC_WARN_UNDECLARED_SELECTOR = YES;
				GCC_WARN_UNINITIALIZED_AUTOS = YES_AGGRESSIVE;
				GCC_WARN_UNUSED_FUNCTION = YES;
				GCC_WARN_UNUSED_VARIABLE = YES;
				IPHONEOS_DEPLOYMENT_TARGET = 14.0;
				MTL_ENABLE_DEBUG_INFO = INCLUDE_SOURCE;
				MTL_FAST_MATH = YES;
				ONLY_ACTIVE_ARCH = YES;
				SDKROOT = iphoneos;
				SWIFT_ACTIVE_COMPILATION_CONDITIONS = DEBUG;
				SWIFT_OPTIMIZATION_LEVEL = "-Onone";
			};
			name = Debug;
		};
		21AFA2DB254D3DC700661DE0 /* Release */ = {
			isa = XCBuildConfiguration;
			buildSettings = {
				ALWAYS_SEARCH_USER_PATHS = NO;
				CLANG_ANALYZER_NONNULL = YES;
				CLANG_ANALYZER_NUMBER_OBJECT_CONVERSION = YES_AGGRESSIVE;
				CLANG_CXX_LANGUAGE_STANDARD = "gnu++14";
				CLANG_CXX_LIBRARY = "libc++";
				CLANG_ENABLE_MODULES = YES;
				CLANG_ENABLE_OBJC_ARC = YES;
				CLANG_ENABLE_OBJC_WEAK = YES;
				CLANG_WARN_BLOCK_CAPTURE_AUTORELEASING = YES;
				CLANG_WARN_BOOL_CONVERSION = YES;
				CLANG_WARN_COMMA = YES;
				CLANG_WARN_CONSTANT_CONVERSION = YES;
				CLANG_WARN_DEPRECATED_OBJC_IMPLEMENTATIONS = YES;
				CLANG_WARN_DIRECT_OBJC_ISA_USAGE = YES_ERROR;
				CLANG_WARN_DOCUMENTATION_COMMENTS = YES;
				CLANG_WARN_EMPTY_BODY = YES;
				CLANG_WARN_ENUM_CONVERSION = YES;
				CLANG_WARN_INFINITE_RECURSION = YES;
				CLANG_WARN_INT_CONVERSION = YES;
				CLANG_WARN_NON_LITERAL_NULL_CONVERSION = YES;
				CLANG_WARN_OBJC_IMPLICIT_RETAIN_SELF = YES;
				CLANG_WARN_OBJC_LITERAL_CONVERSION = YES;
				CLANG_WARN_OBJC_ROOT_CLASS = YES_ERROR;
				CLANG_WARN_QUOTED_INCLUDE_IN_FRAMEWORK_HEADER = YES;
				CLANG_WARN_RANGE_LOOP_ANALYSIS = YES;
				CLANG_WARN_STRICT_PROTOTYPES = YES;
				CLANG_WARN_SUSPICIOUS_MOVE = YES;
				CLANG_WARN_UNGUARDED_AVAILABILITY = YES_AGGRESSIVE;
				CLANG_WARN_UNREACHABLE_CODE = YES;
				CLANG_WARN__DUPLICATE_METHOD_MATCH = YES;
				COPY_PHASE_STRIP = NO;
				DEBUG_INFORMATION_FORMAT = "dwarf-with-dsym";
				ENABLE_NS_ASSERTIONS = NO;
				ENABLE_STRICT_OBJC_MSGSEND = YES;
				GCC_C_LANGUAGE_STANDARD = gnu11;
				GCC_NO_COMMON_BLOCKS = YES;
				GCC_WARN_64_TO_32_BIT_CONVERSION = YES;
				GCC_WARN_ABOUT_RETURN_TYPE = YES_ERROR;
				GCC_WARN_UNDECLARED_SELECTOR = YES;
				GCC_WARN_UNINITIALIZED_AUTOS = YES_AGGRESSIVE;
				GCC_WARN_UNUSED_FUNCTION = YES;
				GCC_WARN_UNUSED_VARIABLE = YES;
				IPHONEOS_DEPLOYMENT_TARGET = 14.0;
				MTL_ENABLE_DEBUG_INFO = NO;
				MTL_FAST_MATH = YES;
				SDKROOT = iphoneos;
				SWIFT_COMPILATION_MODE = wholemodule;
				SWIFT_OPTIMIZATION_LEVEL = "-O";
				VALIDATE_PRODUCT = YES;
			};
			name = Release;
		};
		21AFA2DD254D3DC700661DE0 /* Debug */ = {
			isa = XCBuildConfiguration;
			buildSettings = {
				ASSETCATALOG_COMPILER_APPICON_NAME = AppIcon;
				ASSETCATALOG_COMPILER_GLOBAL_ACCENT_COLOR_NAME = AccentColor;
				CODE_SIGN_STYLE = Automatic;
				DEVELOPMENT_TEAM = 2KTM9WLRL3;
				INFOPLIST_FILE = "GT-R Database/Info.plist";
				LD_RUNPATH_SEARCH_PATHS = (
					"$(inherited)",
					"@executable_path/Frameworks",
				);
				PRODUCT_BUNDLE_IDENTIFIER = "com.KimRypstra2.GT-R-Database";
				PRODUCT_NAME = "$(TARGET_NAME)";
				SWIFT_VERSION = 5.0;
				TARGETED_DEVICE_FAMILY = "1,2";
			};
			name = Debug;
		};
		21AFA2DE254D3DC700661DE0 /* Release */ = {
			isa = XCBuildConfiguration;
			buildSettings = {
				ASSETCATALOG_COMPILER_APPICON_NAME = AppIcon;
				ASSETCATALOG_COMPILER_GLOBAL_ACCENT_COLOR_NAME = AccentColor;
				CODE_SIGN_STYLE = Automatic;
				DEVELOPMENT_TEAM = 2KTM9WLRL3;
				INFOPLIST_FILE = "GT-R Database/Info.plist";
				LD_RUNPATH_SEARCH_PATHS = (
					"$(inherited)",
					"@executable_path/Frameworks",
				);
				PRODUCT_BUNDLE_IDENTIFIER = "com.KimRypstra2.GT-R-Database";
				PRODUCT_NAME = "$(TARGET_NAME)";
				SWIFT_VERSION = 5.0;
				TARGETED_DEVICE_FAMILY = "1,2";
			};
			name = Release;
		};
/* End XCBuildConfiguration section */

/* Begin XCConfigurationList section */
		21AFA2C3254D3DC600661DE0 /* Build configuration list for PBXProject "GT-R Database" */ = {
			isa = XCConfigurationList;
			buildConfigurations = (
				21AFA2DA254D3DC700661DE0 /* Debug */,
				21AFA2DB254D3DC700661DE0 /* Release */,
			);
			defaultConfigurationIsVisible = 0;
			defaultConfigurationName = Release;
		};
		21AFA2DC254D3DC700661DE0 /* Build configuration list for PBXNativeTarget "GT-R Database" */ = {
			isa = XCConfigurationList;
			buildConfigurations = (
				21AFA2DD254D3DC700661DE0 /* Debug */,
				21AFA2DE254D3DC700661DE0 /* Release */,
			);
			defaultConfigurationIsVisible = 0;
			defaultConfigurationName = Release;
		};
/* End XCConfigurationList section */
	};
	rootObject = 21AFA2C0254D3DC600661DE0 /* Project object */;
}
